
Microsoft Visual Studio Solution File, Format Version 12.00
# Visual Studio Version 17
VisualStudioVersion = 17.11.35222.181
MinimumVisualStudioVersion = 10.0.40219.1
Project("{8BC9CEB8-8B4A-11D0-8D11-00A0C91BC942}") = "DayType-Class Project", "DayType-Class Project.vcxproj", "{F40F4A64-CF4E-4378-904E-E9734E55618A}"
EndProject
Global
	GlobalSection(SolutionConfigurationPlatforms) = preSolution
		Debug|x64 = Debug|x64
		Debug|x86 = Debug|x86
		Release|x64 = Release|x64
		Release|x86 = Release|x86
	EndGlobalSection
	GlobalSection(ProjectConfigurationPlatforms) = postSolution
		{F40F4A64-CF4E-4378-904E-E9734E55618A}.Debug|x64.ActiveCfg = Debug|x64
		{F40F4A64-CF4E-4378-904E-E9734E55618A}.Debug|x64.Build.0 = Debug|x64
		{F40F4A64-CF4E-4378-904E-E9734E55618A}.Debug|x86.ActiveCfg = Debug|Win32
		{F40F4A64-CF4E-4378-904E-E9734E55618A}.Debug|x86.Build.0 = Debug|Win32
		{F40F4A64-CF4E-4378-904E-E9734E55618A}.Release|x64.ActiveCfg = Release|x64
		{F40F4A64-CF4E-4378-904E-E9734E55618A}.Release|x64.Build.0 = Release|x64
		{F40F4A64-CF4E-4378-904E-E9734E55618A}.Release|x86.ActiveCfg = Release|Win32
		{F40F4A64-CF4E-4378-904E-E9734E55618A}.Release|x86.Build.0 = Release|Win32
	EndGlobalSection
	GlobalSection(SolutionProperties) = preSolution
		HideSolutionNode = FALSE
	EndGlobalSection
	GlobalSection(ExtensibilityGlobals) = postSolution
		SolutionGuid = {CCE51AA4-9399-4FA3-A24C-EF3EE2C4D412}
	EndGlobalSection
EndGlobal
